// !$*UTF8*$!
{
	archiveVersion = 1;
	classes = {
	};
	objectVersion = 46;
	objects = {

/* Begin PBXBuildFile section */
		3081390B1D7ECF2500A49653 /* AppDelegate.swift in Sources */ = {isa = PBXBuildFile; fileRef = 3081390A1D7ECF2500A49653 /* AppDelegate.swift */; };
		3081390D1D7ECF2500A49653 /* ViewController.swift in Sources */ = {isa = PBXBuildFile; fileRef = 3081390C1D7ECF2500A49653 /* ViewController.swift */; };
		308139101D7ECF2500A49653 /* Main.storyboard in Resources */ = {isa = PBXBuildFile; fileRef = 3081390E1D7ECF2500A49653 /* Main.storyboard */; };
		308139121D7ECF2500A49653 /* Assets.xcassets in Resources */ = {isa = PBXBuildFile; fileRef = 308139111D7ECF2500A49653 /* Assets.xcassets */; };
		308139151D7ECF2500A49653 /* LaunchScreen.storyboard in Resources */ = {isa = PBXBuildFile; fileRef = 308139131D7ECF2500A49653 /* LaunchScreen.storyboard */; };
		3081391D1D7EE9CE00A49653 /* tripadvisor_bullet_half_ico@1x.png in Resources */ = {isa = PBXBuildFile; fileRef = 3081391C1D7EE9CE00A49653 /* tripadvisor_bullet_half_ico@1x.png */; };
		308139211D7EFA3A00A49653 /* ResizableUIView.m in Sources */ = {isa = PBXBuildFile; fileRef = 308139201D7EFA3A00A49653 /* ResizableUIView.m */; };
		30A5851F1D846B1300F3DED1 /* OverlayViewController.swift in Sources */ = {isa = PBXBuildFile; fileRef = 30A5851D1D846B1300F3DED1 /* OverlayViewController.swift */; };
		30A585201D846B1300F3DED1 /* OverlayViewController.xib in Resources */ = {isa = PBXBuildFile; fileRef = 30A5851E1D846B1300F3DED1 /* OverlayViewController.xib */; };
		30A585221D846B2700F3DED1 /* CustomOverlayView.swift in Sources */ = {isa = PBXBuildFile; fileRef = 30A585211D846B2700F3DED1 /* CustomOverlayView.swift */; };
		30A585241D846EA800F3DED1 /* cameraImage.png in Resources */ = {isa = PBXBuildFile; fileRef = 30A585231D846EA800F3DED1 /* cameraImage.png */; };
		30A615EB1D85558600793EBA /* UIImage+ImageCategory.m in Sources */ = {isa = PBXBuildFile; fileRef = 30A615EA1D85558600793EBA /* UIImage+ImageCategory.m */; };
		30A615F11D8561E000793EBA /* switchCameraImage.png in Resources */ = {isa = PBXBuildFile; fileRef = 30A615F01D8561E000793EBA /* switchCameraImage.png */; };
		30A615F31D8565A900793EBA /* flashImage.ico in Resources */ = {isa = PBXBuildFile; fileRef = 30A615F21D8565A900793EBA /* flashImage.ico */; };
		30A615F61D8573D800793EBA /* GalleryImageAugmentViewController.swift in Sources */ = {isa = PBXBuildFile; fileRef = 30A615F41D8573D800793EBA /* GalleryImageAugmentViewController.swift */; };
		30A615F71D8573D800793EBA /* GalleryImageAugmentViewController.xib in Resources */ = {isa = PBXBuildFile; fileRef = 30A615F51D8573D800793EBA /* GalleryImageAugmentViewController.xib */; };
		30E8A5371D83E74A00455EB1 /* CameraHelper.m in Sources */ = {isa = PBXBuildFile; fileRef = 30E8A5361D83E74A00455EB1 /* CameraHelper.m */; };
		30E8A5391D83EFA500455EB1 /* watchImage.jpg in Resources */ = {isa = PBXBuildFile; fileRef = 30E8A5381D83EFA500455EB1 /* watchImage.jpg */; };
		30E8A53B1D83FA7100455EB1 /* OverlayWithImageView.xib in Resources */ = {isa = PBXBuildFile; fileRef = 30E8A53A1D83FA7100455EB1 /* OverlayWithImageView.xib */; };
		30E8A53D1D83FB4E00455EB1 /* OverlayWithImageView.swift in Sources */ = {isa = PBXBuildFile; fileRef = 30E8A53C1D83FB4E00455EB1 /* OverlayWithImageView.swift */; };
/* End PBXBuildFile section */

/* Begin PBXFileReference section */
		308139071D7ECF2500A49653 /* Camera Test.app */ = {isa = PBXFileReference; explicitFileType = wrapper.application; includeInIndex = 0; path = "Camera Test.app"; sourceTree = BUILT_PRODUCTS_DIR; };
		3081390A1D7ECF2500A49653 /* AppDelegate.swift */ = {isa = PBXFileReference; lastKnownFileType = sourcecode.swift; path = AppDelegate.swift; sourceTree = "<group>"; };
		3081390C1D7ECF2500A49653 /* ViewController.swift */ = {isa = PBXFileReference; lastKnownFileType = sourcecode.swift; path = ViewController.swift; sourceTree = "<group>"; };
		3081390F1D7ECF2500A49653 /* Base */ = {isa = PBXFileReference; lastKnownFileType = file.storyboard; name = Base; path = Base.lproj/Main.storyboard; sourceTree = "<group>"; };
		308139111D7ECF2500A49653 /* Assets.xcassets */ = {isa = PBXFileReference; lastKnownFileType = folder.assetcatalog; path = Assets.xcassets; sourceTree = "<group>"; };
		308139141D7ECF2500A49653 /* Base */ = {isa = PBXFileReference; lastKnownFileType = file.storyboard; name = Base; path = Base.lproj/LaunchScreen.storyboard; sourceTree = "<group>"; };
		308139161D7ECF2500A49653 /* Info.plist */ = {isa = PBXFileReference; lastKnownFileType = text.plist.xml; path = Info.plist; sourceTree = "<group>"; };
		3081391C1D7EE9CE00A49653 /* tripadvisor_bullet_half_ico@1x.png */ = {isa = PBXFileReference; lastKnownFileType = image.png; path = "tripadvisor_bullet_half_ico@1x.png"; sourceTree = "<group>"; };
		3081391E1D7EFA3A00A49653 /* Camera Test-Bridging-Header.h */ = {isa = PBXFileReference; lastKnownFileType = sourcecode.c.h; path = "Camera Test-Bridging-Header.h"; sourceTree = "<group>"; };
		3081391F1D7EFA3A00A49653 /* ResizableUIView.h */ = {isa = PBXFileReference; fileEncoding = 4; lastKnownFileType = sourcecode.c.h; path = ResizableUIView.h; sourceTree = "<group>"; };
		308139201D7EFA3A00A49653 /* ResizableUIView.m */ = {isa = PBXFileReference; fileEncoding = 4; lastKnownFileType = sourcecode.c.objc; path = ResizableUIView.m; sourceTree = "<group>"; };
		30A5851D1D846B1300F3DED1 /* OverlayViewController.swift */ = {isa = PBXFileReference; fileEncoding = 4; lastKnownFileType = sourcecode.swift; path = OverlayViewController.swift; sourceTree = "<group>"; };
		30A5851E1D846B1300F3DED1 /* OverlayViewController.xib */ = {isa = PBXFileReference; fileEncoding = 4; lastKnownFileType = file.xib; path = OverlayViewController.xib; sourceTree = "<group>"; };
		30A585211D846B2700F3DED1 /* CustomOverlayView.swift */ = {isa = PBXFileReference; fileEncoding = 4; lastKnownFileType = sourcecode.swift; path = CustomOverlayView.swift; sourceTree = "<group>"; };
		30A585231D846EA800F3DED1 /* cameraImage.png */ = {isa = PBXFileReference; lastKnownFileType = image.png; path = cameraImage.png; sourceTree = "<group>"; };
		30A615E91D85558600793EBA /* UIImage+ImageCategory.h */ = {isa = PBXFileReference; fileEncoding = 4; lastKnownFileType = sourcecode.c.h; path = "UIImage+ImageCategory.h"; sourceTree = "<group>"; };
		30A615EA1D85558600793EBA /* UIImage+ImageCategory.m */ = {isa = PBXFileReference; fileEncoding = 4; lastKnownFileType = sourcecode.c.objc; path = "UIImage+ImageCategory.m"; sourceTree = "<group>"; };
		30A615F01D8561E000793EBA /* switchCameraImage.png */ = {isa = PBXFileReference; lastKnownFileType = image.png; path = switchCameraImage.png; sourceTree = "<group>"; };
		30A615F21D8565A900793EBA /* flashImage.ico */ = {isa = PBXFileReference; lastKnownFileType = image.ico; path = flashImage.ico; sourceTree = "<group>"; };
		30A615F41D8573D800793EBA /* GalleryImageAugmentViewController.swift */ = {isa = PBXFileReference; fileEncoding = 4; lastKnownFileType = sourcecode.swift; path = GalleryImageAugmentViewController.swift; sourceTree = "<group>"; };
		30A615F51D8573D800793EBA /* GalleryImageAugmentViewController.xib */ = {isa = PBXFileReference; fileEncoding = 4; lastKnownFileType = file.xib; path = GalleryImageAugmentViewController.xib; sourceTree = "<group>"; };
		30E8A5361D83E74A00455EB1 /* CameraHelper.m */ = {isa = PBXFileReference; fileEncoding = 4; lastKnownFileType = sourcecode.c.objc; path = CameraHelper.m; sourceTree = "<group>"; };
		30E8A5381D83EFA500455EB1 /* watchImage.jpg */ = {isa = PBXFileReference; lastKnownFileType = image.jpeg; path = watchImage.jpg; sourceTree = "<group>"; };
		30E8A53A1D83FA7100455EB1 /* OverlayWithImageView.xib */ = {isa = PBXFileReference; fileEncoding = 4; lastKnownFileType = file.xib; path = OverlayWithImageView.xib; sourceTree = "<group>"; };
		30E8A53C1D83FB4E00455EB1 /* OverlayWithImageView.swift */ = {isa = PBXFileReference; fileEncoding = 4; lastKnownFileType = sourcecode.swift; path = OverlayWithImageView.swift; sourceTree = "<group>"; };
/* End PBXFileReference section */

/* Begin PBXFrameworksBuildPhase section */
		308139041D7ECF2500A49653 /* Frameworks */ = {
			isa = PBXFrameworksBuildPhase;
			buildActionMask = 2147483647;
			files = (
			);
			runOnlyForDeploymentPostprocessing = 0;
		};
/* End PBXFrameworksBuildPhase section */

/* Begin PBXGroup section */
		308138FE1D7ECF2500A49653 = {
			isa = PBXGroup;
			children = (
				308139091D7ECF2500A49653 /* Camera Test */,
				308139081D7ECF2500A49653 /* Products */,
			);
			sourceTree = "<group>";
		};
		308139081D7ECF2500A49653 /* Products */ = {
			isa = PBXGroup;
			children = (
				308139071D7ECF2500A49653 /* Camera Test.app */,
			);
			name = Products;
			sourceTree = "<group>";
		};
		308139091D7ECF2500A49653 /* Camera Test */ = {
			isa = PBXGroup;
			children = (
				30E8A5361D83E74A00455EB1 /* CameraHelper.m */,
				3081390A1D7ECF2500A49653 /* AppDelegate.swift */,
				3081390C1D7ECF2500A49653 /* ViewController.swift */,
				3081390E1D7ECF2500A49653 /* Main.storyboard */,
				308139111D7ECF2500A49653 /* Assets.xcassets */,
				3081391C1D7EE9CE00A49653 /* tripadvisor_bullet_half_ico@1x.png */,
				308139131D7ECF2500A49653 /* LaunchScreen.storyboard */,
				308139161D7ECF2500A49653 /* Info.plist */,
				3081391F1D7EFA3A00A49653 /* ResizableUIView.h */,
				308139201D7EFA3A00A49653 /* ResizableUIView.m */,
				3081391E1D7EFA3A00A49653 /* Camera Test-Bridging-Header.h */,
				30E8A5381D83EFA500455EB1 /* watchImage.jpg */,
				30E8A53A1D83FA7100455EB1 /* OverlayWithImageView.xib */,
				30E8A53C1D83FB4E00455EB1 /* OverlayWithImageView.swift */,
				30A5851D1D846B1300F3DED1 /* OverlayViewController.swift */,
				30A5851E1D846B1300F3DED1 /* OverlayViewController.xib */,
				30A615F41D8573D800793EBA /* GalleryImageAugmentViewController.swift */,
				30A615F51D8573D800793EBA /* GalleryImageAugmentViewController.xib */,
				30A585211D846B2700F3DED1 /* CustomOverlayView.swift */,
				30A585231D846EA800F3DED1 /* cameraImage.png */,
				30A615E91D85558600793EBA /* UIImage+ImageCategory.h */,
				30A615EA1D85558600793EBA /* UIImage+ImageCategory.m */,
				30A615F01D8561E000793EBA /* switchCameraImage.png */,
				30A615F21D8565A900793EBA /* flashImage.ico */,
			);
			path = "Camera Test";
			sourceTree = "<group>";
		};
/* End PBXGroup section */

/* Begin PBXNativeTarget section */
		308139061D7ECF2500A49653 /* Camera Test */ = {
			isa = PBXNativeTarget;
			buildConfigurationList = 308139191D7ECF2500A49653 /* Build configuration list for PBXNativeTarget "Camera Test" */;
			buildPhases = (
				308139031D7ECF2500A49653 /* Sources */,
				308139041D7ECF2500A49653 /* Frameworks */,
				308139051D7ECF2500A49653 /* Resources */,
			);
			buildRules = (
			);
			dependencies = (
			);
			name = "Camera Test";
			productName = "Camera Test";
			productReference = 308139071D7ECF2500A49653 /* Camera Test.app */;
			productType = "com.apple.product-type.application";
		};
/* End PBXNativeTarget section */

/* Begin PBXProject section */
		308138FF1D7ECF2500A49653 /* Project object */ = {
			isa = PBXProject;
			attributes = {
				LastSwiftUpdateCheck = 0730;
				LastUpgradeCheck = 0800;
				ORGANIZATIONNAME = "Kunal Thacker";
				TargetAttributes = {
					308139061D7ECF2500A49653 = {
						CreatedOnToolsVersion = 7.3;
						DevelopmentTeam = 8JRVVKJ68M;
						LastSwiftMigration = 0800;
					};
				};
			};
			buildConfigurationList = 308139021D7ECF2500A49653 /* Build configuration list for PBXProject "Camera Test" */;
			compatibilityVersion = "Xcode 3.2";
			developmentRegion = English;
			hasScannedForEncodings = 0;
			knownRegions = (
				en,
				Base,
			);
			mainGroup = 308138FE1D7ECF2500A49653;
			productRefGroup = 308139081D7ECF2500A49653 /* Products */;
			projectDirPath = "";
			projectRoot = "";
			targets = (
				308139061D7ECF2500A49653 /* Camera Test */,
			);
		};
/* End PBXProject section */

/* Begin PBXResourcesBuildPhase section */
		308139051D7ECF2500A49653 /* Resources */ = {
			isa = PBXResourcesBuildPhase;
			buildActionMask = 2147483647;
			files = (
				3081391D1D7EE9CE00A49653 /* tripadvisor_bullet_half_ico@1x.png in Resources */,
				30A615F11D8561E000793EBA /* switchCameraImage.png in Resources */,
				30A585201D846B1300F3DED1 /* OverlayViewController.xib in Resources */,
				30A615F31D8565A900793EBA /* flashImage.ico in Resources */,
				30E8A53B1D83FA7100455EB1 /* OverlayWithImageView.xib in Resources */,
				30E8A5391D83EFA500455EB1 /* watchImage.jpg in Resources */,
				308139151D7ECF2500A49653 /* LaunchScreen.storyboard in Resources */,
				308139121D7ECF2500A49653 /* Assets.xcassets in Resources */,
				30A615F71D8573D800793EBA /* GalleryImageAugmentViewController.xib in Resources */,
				30A585241D846EA800F3DED1 /* cameraImage.png in Resources */,
				308139101D7ECF2500A49653 /* Main.storyboard in Resources */,
			);
			runOnlyForDeploymentPostprocessing = 0;
		};
/* End PBXResourcesBuildPhase section */

/* Begin PBXSourcesBuildPhase section */
		308139031D7ECF2500A49653 /* Sources */ = {
			isa = PBXSourcesBuildPhase;
			buildActionMask = 2147483647;
			files = (
				3081390D1D7ECF2500A49653 /* ViewController.swift in Sources */,
				308139211D7EFA3A00A49653 /* ResizableUIView.m in Sources */,
				30A585221D846B2700F3DED1 /* CustomOverlayView.swift in Sources */,
				30E8A5371D83E74A00455EB1 /* CameraHelper.m in Sources */,
				30A5851F1D846B1300F3DED1 /* OverlayViewController.swift in Sources */,
				30A615F61D8573D800793EBA /* GalleryImageAugmentViewController.swift in Sources */,
				30E8A53D1D83FB4E00455EB1 /* OverlayWithImageView.swift in Sources */,
				3081390B1D7ECF2500A49653 /* AppDelegate.swift in Sources */,
				30A615EB1D85558600793EBA /* UIImage+ImageCategory.m in Sources */,
			);
			runOnlyForDeploymentPostprocessing = 0;
		};
/* End PBXSourcesBuildPhase section */

/* Begin PBXVariantGroup section */
		3081390E1D7ECF2500A49653 /* Main.storyboard */ = {
			isa = PBXVariantGroup;
			children = (
				3081390F1D7ECF2500A49653 /* Base */,
			);
			name = Main.storyboard;
			sourceTree = "<group>";
		};
		308139131D7ECF2500A49653 /* LaunchScreen.storyboard */ = {
			isa = PBXVariantGroup;
			children = (
				308139141D7ECF2500A49653 /* Base */,
			);
			name = LaunchScreen.storyboard;
			sourceTree = "<group>";
		};
/* End PBXVariantGroup section */

/* Begin XCBuildConfiguration section */
		308139171D7ECF2500A49653 /* Debug */ = {
			isa = XCBuildConfiguration;
			buildSettings = {
				ALWAYS_SEARCH_USER_PATHS = NO;
				CLANG_ANALYZER_NONNULL = YES;
				CLANG_CXX_LANGUAGE_STANDARD = "gnu++0x";
				CLANG_CXX_LIBRARY = "libc++";
				CLANG_ENABLE_MODULES = YES;
				CLANG_ENABLE_OBJC_ARC = YES;
				CLANG_WARN_BOOL_CONVERSION = YES;
				CLANG_WARN_CONSTANT_CONVERSION = YES;
				CLANG_WARN_DIRECT_OBJC_ISA_USAGE = YES_ERROR;
				CLANG_WARN_EMPTY_BODY = YES;
				CLANG_WARN_ENUM_CONVERSION = YES;
				CLANG_WARN_INFINITE_RECURSION = YES;
				CLANG_WARN_INT_CONVERSION = YES;
				CLANG_WARN_OBJC_ROOT_CLASS = YES_ERROR;
				CLANG_WARN_SUSPICIOUS_MOVE = YES;
				CLANG_WARN_UNREACHABLE_CODE = YES;
				CLANG_WARN__DUPLICATE_METHOD_MATCH = YES;
				"CODE_SIGN_IDENTITY[sdk=iphoneos*]" = "iPhone Developer";
				COPY_PHASE_STRIP = NO;
				DEBUG_INFORMATION_FORMAT = dwarf;
				ENABLE_STRICT_OBJC_MSGSEND = YES;
				ENABLE_TESTABILITY = YES;
				GCC_C_LANGUAGE_STANDARD = gnu99;
				GCC_DYNAMIC_NO_PIC = NO;
				GCC_NO_COMMON_BLOCKS = YES;
				GCC_OPTIMIZATION_LEVEL = 0;
				GCC_PREPROCESSOR_DEFINITIONS = (
					"DEBUG=1",
					"$(inherited)",
				);
				GCC_WARN_64_TO_32_BIT_CONVERSION = YES;
				GCC_WARN_ABOUT_RETURN_TYPE = YES_ERROR;
				GCC_WARN_UNDECLARED_SELECTOR = YES;
				GCC_WARN_UNINITIALIZED_AUTOS = YES_AGGRESSIVE;
				GCC_WARN_UNUSED_FUNCTION = YES;
				GCC_WARN_UNUSED_VARIABLE = YES;
				IPHONEOS_DEPLOYMENT_TARGET = 9.3;
				MTL_ENABLE_DEBUG_INFO = YES;
				ONLY_ACTIVE_ARCH = YES;
				SDKROOT = iphoneos;
				SWIFT_OPTIMIZATION_LEVEL = "-Onone";
			};
			name = Debug;
		};
		308139181D7ECF2500A49653 /* Release */ = {
			isa = XCBuildConfiguration;
			buildSettings = {
				ALWAYS_SEARCH_USER_PATHS = NO;
				CLANG_ANALYZER_NONNULL = YES;
				CLANG_CXX_LANGUAGE_STANDARD = "gnu++0x";
				CLANG_CXX_LIBRARY = "libc++";
				CLANG_ENABLE_MODULES = YES;
				CLANG_ENABLE_OBJC_ARC = YES;
				CLANG_WARN_BOOL_CONVERSION = YES;
				CLANG_WARN_CONSTANT_CONVERSION = YES;
				CLANG_WARN_DIRECT_OBJC_ISA_USAGE = YES_ERROR;
				CLANG_WARN_EMPTY_BODY = YES;
				CLANG_WARN_ENUM_CONVERSION = YES;
				CLANG_WARN_INFINITE_RECURSION = YES;
				CLANG_WARN_INT_CONVERSION = YES;
				CLANG_WARN_OBJC_ROOT_CLASS = YES_ERROR;
				CLANG_WARN_SUSPICIOUS_MOVE = YES;
				CLANG_WARN_UNREACHABLE_CODE = YES;
				CLANG_WARN__DUPLICATE_METHOD_MATCH = YES;
				"CODE_SIGN_IDENTITY[sdk=iphoneos*]" = "iPhone Developer";
				COPY_PHASE_STRIP = NO;
				DEBUG_INFORMATION_FORMAT = "dwarf-with-dsym";
				ENABLE_NS_ASSERTIONS = NO;
				ENABLE_STRICT_OBJC_MSGSEND = YES;
				GCC_C_LANGUAGE_STANDARD = gnu99;
				GCC_NO_COMMON_BLOCKS = YES;
				GCC_WARN_64_TO_32_BIT_CONVERSION = YES;
				GCC_WARN_ABOUT_RETURN_TYPE = YES_ERROR;
				GCC_WARN_UNDECLARED_SELECTOR = YES;
				GCC_WARN_UNINITIALIZED_AUTOS = YES_AGGRESSIVE;
				GCC_WARN_UNUSED_FUNCTION = YES;
				GCC_WARN_UNUSED_VARIABLE = YES;
				IPHONEOS_DEPLOYMENT_TARGET = 9.3;
				MTL_ENABLE_DEBUG_INFO = NO;
				SDKROOT = iphoneos;
				SWIFT_OPTIMIZATION_LEVEL = "-Owholemodule";
				VALIDATE_PRODUCT = YES;
			};
			name = Release;
		};
		3081391A1D7ECF2500A49653 /* Debug */ = {
			isa = XCBuildConfiguration;
			buildSettings = {
				ASSETCATALOG_COMPILER_APPICON_NAME = AppIcon;
				CLANG_ENABLE_MODULES = YES;
				INFOPLIST_FILE = "Camera Test/Info.plist";
				LD_RUNPATH_SEARCH_PATHS = "$(inherited) @executable_path/Frameworks";
				PRODUCT_BUNDLE_IDENTIFIER = "AugmentS.Camera-Test";
				PRODUCT_NAME = "$(TARGET_NAME)";
				SWIFT_OBJC_BRIDGING_HEADER = "Camera Test/Camera Test-Bridging-Header.h";
				SWIFT_OPTIMIZATION_LEVEL = "-Onone";
				SWIFT_VERSION = 3.0;
			};
			name = Debug;
		};
		3081391B1D7ECF2500A49653 /* Release */ = {
			isa = XCBuildConfiguration;
			buildSettings = {
				ASSETCATALOG_COMPILER_APPICON_NAME = AppIcon;
				CLANG_ENABLE_MODULES = YES;
				INFOPLIST_FILE = "Camera Test/Info.plist";
				LD_RUNPATH_SEARCH_PATHS = "$(inherited) @executable_path/Frameworks";
				PRODUCT_BUNDLE_IDENTIFIER = "AugmentS.Camera-Test";
				PRODUCT_NAME = "$(TARGET_NAME)";
				SWIFT_OBJC_BRIDGING_HEADER = "Camera Test/Camera Test-Bridging-Header.h";
				SWIFT_VERSION = 3.0;
			};
			name = Release;
		};
/* End XCBuildConfiguration section */

/* Begin XCConfigurationList section */
		308139021D7ECF2500A49653 /* Build configuration list for PBXProject "Camera Test" */ = {
			isa = XCConfigurationList;
			buildConfigurations = (
				308139171D7ECF2500A49653 /* Debug */,
				308139181D7ECF2500A49653 /* Release */,
			);
			defaultConfigurationIsVisible = 0;
			defaultConfigurationName = Release;
		};
		308139191D7ECF2500A49653 /* Build configuration list for PBXNativeTarget "Camera Test" */ = {
			isa = XCConfigurationList;
			buildConfigurations = (
				3081391A1D7ECF2500A49653 /* Debug */,
				3081391B1D7ECF2500A49653 /* Release */,
			);
			defaultConfigurationIsVisible = 0;
			defaultConfigurationName = Release;
		};
/* End XCConfigurationList section */
	};
	rootObject = 308138FF1D7ECF2500A49653 /* Project object */;
}
